<?xml version="1.0" encoding="utf-8"?>
<Project ToolsVersion="4.0" xmlns="http://schemas.microsoft.com/developer/msbuild/2003">
  <ItemGroup>
    <Filter Include="Source Files">
      <UniqueIdentifier>{4FC737F1-C7A5-4376-A066-2A32D752A2FF}</UniqueIdentifier>
      <Extensions>cpp;c;cc;cxx;def;odl;idl;hpj;bat;asm;asmx</Extensions>
    </Filter>
    <Filter Include="Header Files">
      <UniqueIdentifier>{93995380-89BD-4b04-88EB-625FBE52EBFB}</UniqueIdentifier>
      <Extensions>h;hpp;hxx;hm;inl;inc;xsd</Extensions>
    </Filter>
    <Filter Include="Resource Files">
      <UniqueIdentifier>{67DA6AB6-F800-4c08-8B7A-83BB121AAD01}</UniqueIdentifier>
      <Extensions>rc;ico;cur;bmp;dlg;rc2;rct;bin;rgs;gif;jpg;jpeg;jpe;resx;tiff;tif;png;wav;mfcribbon-ms</Extensions>
    </Filter>
  </ItemGroup>
  <ItemGroup>
    <ClCompile Include="..\source\DesignExtractor.cpp">
      <Filter>Source Files</Filter>
    </ClCompile>
    <ClCompile Include="..\source\PKB.cpp">
      <Filter>Source Files</Filter>
    </ClCompile>
    <ClCompile Include="..\source\TNode.cpp">
      <Filter>Source Files</Filter>
    </ClCompile>
    <ClCompile Include="..\source\QueryPreprocessor.cpp">
      <Filter>Source Files</Filter>
    </ClCompile>
    <ClCompile Include="..\source\CodeParser.cpp">
      <Filter>Source Files</Filter>
    </ClCompile>
    <ClCompile Include="..\source\QueryEvaluator.cpp">
      <Filter>Source Files</Filter>
    </ClCompile>
    <ClCompile Include="..\source\QueryObject.cpp">
      <Filter>Source Files</Filter>
    </ClCompile>
    <ClCompile Include="..\source\QueryObjStructures.h">
      <Filter>Header Files</Filter>
    </ClCompile>
    <ClCompile Include="..\source\LineOfCodeData.cpp">
      <Filter>Source Files</Filter>
    </ClCompile>
    <ClCompile Include="..\source\Utility.cpp">
      <Filter>Source Files</Filter>
    </ClCompile>
    <ClCompile Include="..\source\BooleanResponse.cpp">
      <Filter>Source Files</Filter>
    </ClCompile>
    <ClCompile Include="..\source\IntVectorResponse.cpp">
      <Filter>Source Files</Filter>
    </ClCompile>
    <ClCompile Include="..\source\StringVectorResponse.cpp">
      <Filter>Source Files</Filter>
    </ClCompile>
    <ClCompile Include="..\source\IntIntPairVectorResponse.cpp">
      <Filter>Source Files</Filter>
    </ClCompile>
    <ClCompile Include="..\source\IntStringPairVectorResponse.cpp">
      <Filter>Source Files</Filter>
    </ClCompile>
    <ClCompile Include="..\source\StringStringPairVectorResponse.cpp">
      <Filter>Source Files</Filter>
    </ClCompile>
    <ClCompile Include="..\source\APICall.cpp">
      <Filter>Source Files</Filter>
    </ClCompile>
    <ClCompile Include="..\source\APICallSuchThatClause.cpp">
      <Filter>Source Files</Filter>
    </ClCompile>
    <ClCompile Include="..\source\APICallPatternClause.cpp">
      <Filter>Source Files</Filter>
    </ClCompile>
    <ClCompile Include="..\source\Result.cpp">
      <Filter>Source Files</Filter>
    </ClCompile>
  </ItemGroup>
  <ItemGroup>
    <ClInclude Include="..\source\PKB.h">
      <Filter>Header Files</Filter>
    </ClInclude>
    <ClInclude Include="..\source\TNode.h">
      <Filter>Header Files</Filter>
    </ClInclude>
    <ClInclude Include="..\source\QueryPreprocessor.h">
      <Filter>Header Files</Filter>
    </ClInclude>
    <ClInclude Include="..\source\CodeParser.h">
      <Filter>Header Files</Filter>
    </ClInclude>
    <ClInclude Include="..\source\Keywords.h">
      <Filter>Header Files</Filter>
    </ClInclude>
    <ClInclude Include="..\source\QueryEvaluator.h">
      <Filter>Header Files</Filter>
    </ClInclude>
    <ClInclude Include="..\source\QueryObject.h">
      <Filter>Header Files</Filter>
    </ClInclude>
    <ClInclude Include="..\source\LineOfCodeData.h">
      <Filter>Header Files</Filter>
    </ClInclude>
    <ClInclude Include="..\source\DesignExtractor.h">
      <Filter>Header Files</Filter>
    </ClInclude>
    <ClInclude Include="..\source\Utility.h">
      <Filter>Header Files</Filter>
    </ClInclude>
    <ClInclude Include="..\source\BooleanResponse.h">
      <Filter>Header Files</Filter>
    </ClInclude>
    <ClInclude Include="..\source\IntVectorResponse.h">
      <Filter>Header Files</Filter>
    </ClInclude>
    <ClInclude Include="..\source\StringVectorResponse.h">
      <Filter>Header Files</Filter>
    </ClInclude>
    <ClInclude Include="..\source\IntStringPairVectorResponse.h">
      <Filter>Header Files</Filter>
    </ClInclude>
    <ClInclude Include="..\source\StringStringPairVectorResponse.h">
      <Filter>Header Files</Filter>
    </ClInclude>
    <ClInclude Include="..\source\IntIntPairVectorResponse.h">
      <Filter>Header Files</Filter>
    </ClInclude>
    <ClInclude Include="..\source\APICall.h">
      <Filter>Header Files</Filter>
    </ClInclude>
    <ClInclude Include="..\source\APICallSuchThatClause.h">
      <Filter>Header Files</Filter>
    </ClInclude>
    <ClInclude Include="..\source\APICallPatternClause.h">
      <Filter>Header Files</Filter>
    </ClInclude>
    <ClInclude Include="..\source\Result.h">
      <Filter>Header Files</Filter>
    </ClInclude>
  </ItemGroup>
</Project>